PODS:
  - YouboraAVPlayerAdapter (6.5.17):
    - YouboraAVPlayerAdapter/Default (= 6.5.17)
    - YouboraLib (~> 6.5.19)
  - YouboraAVPlayerAdapter/Default (6.5.17):
    - YouboraLib (~> 6.5.19)
  - YouboraLib (6.5.27)

DEPENDENCIES:
  - YouboraAVPlayerAdapter
  - YouboraLib

SPEC REPOS:
  trunk:
    - YouboraAVPlayerAdapter
    - YouboraLib

SPEC CHECKSUMS:
  YouboraAVPlayerAdapter: 21a1b40a09711bbf87b97f344e381a38b3ae5893
  YouboraLib: a4617d5ec9e37724f5330531d020a8c35d7e0f0d

PODFILE CHECKSUM: f3b845e7d3562f37d29a97c200a301bbef125e16

COCOAPODS: 1.9.1
