PODS:
  - Alamofire (5.2.1)
  - Cuckoo (1.4.1):
    - Cuckoo/Swift (= 1.4.1)
  - Cuckoo/Swift (1.4.1)
  - MLSSDK (1.1.6):
    - Alamofire (~> 5.0)
    - Moya (~> 14.0)
    - Starscream (~> 3.1)
    - YouboraAVPlayerAdapter
    - YouboraLib
  - Moya (14.0.0):
    - Moya/Core (= 14.0.0)
  - Moya/Core (14.0.0):
    - Alamofire (~> 5.0)
  - Nimble (8.1.1)
  - Quick (3.0.0)
  - Starscream (3.1.1)
  - YouboraAVPlayerAdapter (6.5.17):
    - YouboraAVPlayerAdapter/Default (= 6.5.17)
    - YouboraLib (~> 6.5.19)
  - YouboraAVPlayerAdapter/Default (6.5.17):
    - YouboraLib (~> 6.5.19)
  - YouboraLib (6.5.27)

DEPENDENCIES:
  - Cuckoo (~> 1.4)
  - MLSSDK (from `..`)
  - Moya (~> 14.0)
  - Nimble (~> 8.0)
  - Quick (~> 3.0)
  - Starscream (~> 3.1)
  - YouboraAVPlayerAdapter
  - YouboraLib

SPEC REPOS:
  trunk:
    - Alamofire
    - Cuckoo
    - Moya
    - Nimble
    - Quick
    - Starscream
    - YouboraAVPlayerAdapter
    - YouboraLib

EXTERNAL SOURCES:
  MLSSDK:
    :path: ".."

SPEC CHECKSUMS:
  Alamofire: e911732990610fe89af59ac0077f923d72dc3dfd
  Cuckoo: 4625f7f54d9bb880123270e8969898d6c1d036b5
  MLSSDK: 40f112fb69df68d00ec30aaac70ea19d9587b038
  Moya: 5b45dacb75adb009f97fde91c204c1e565d31916
  Nimble: 5f8a2fb6fa343a7242dfdd9d42f7267419d464b2
  Quick: 6d9559f40647bc4d510103842ef2fdd882d753e2
  Starscream: 4bb2f9942274833f7b4d296a55504dcfc7edb7b0
  YouboraAVPlayerAdapter: 21a1b40a09711bbf87b97f344e381a38b3ae5893
  YouboraLib: a4617d5ec9e37724f5330531d020a8c35d7e0f0d

PODFILE CHECKSUM: f83170c56982fe2a2c26f431fc0c0a55398e1ad7

COCOAPODS: 1.9.3
