PODS:
  - Alamofire (5.4.0)
  - Cuckoo (1.4.1):
    - Cuckoo/Swift (= 1.4.1)
  - Cuckoo/Swift (1.4.1)
  - google-cast-sdk (4.5.3):
    - google-cast-sdk/Core (= 4.5.3)
    - GTMSessionFetcher/Core (~> 1.1)
    - Protobuf (~> 3.13)
  - google-cast-sdk/Core (4.5.3):
    - GTMSessionFetcher/Core (~> 1.1)
    - Protobuf (~> 3.13)
  - GoogleAds-IMA-iOS-SDK (3.13.0)
  - GoogleAds-IMA-tvOS-SDK (4.3.2)
  - GTMSessionFetcher/Core (1.5.0)
  - MLSSDK (1.2.0):
    - MLSSDK/Core (= 1.2.0)
  - MLSSDK/Cast (1.2.0):
    - google-cast-sdk (~> 4.5)
    - MLSSDK/Core
  - MLSSDK/Core (1.2.0):
    - Alamofire (~> 5.0)
    - Moya (~> 14.0)
    - Starscream (~> 3.1)
    - YouboraAVPlayerAdapter
    - YouboraLib
  - MLSSDK/IMA (1.2.0):
    - GoogleAds-IMA-iOS-SDK (~> 3.13)
    - GoogleAds-IMA-tvOS-SDK (~> 4.2)
    - MLSSDK/Core
  - Moya (14.0.0):
    - Moya/Core (= 14.0.0)
  - Moya/Core (14.0.0):
    - Alamofire (~> 5.0)
  - Nimble (8.1.1)
  - Protobuf (3.14.0)
  - Quick (3.0.0)
  - Starscream (3.1.1)
  - YouboraAVPlayerAdapter (6.5.17):
    - YouboraAVPlayerAdapter/Default (= 6.5.17)
    - YouboraLib (~> 6.5.19)
  - YouboraAVPlayerAdapter/Default (6.5.17):
    - YouboraLib (~> 6.5.19)
  - YouboraLib (6.5.27)

DEPENDENCIES:
  - Cuckoo (~> 1.4)
  - google-cast-sdk (~> 4.5)
  - GoogleAds-IMA-iOS-SDK (~> 3.13)
  - GoogleAds-IMA-tvOS-SDK (~> 4.2)
  - MLSSDK (from `..`)
  - MLSSDK/Cast (from `..`)
  - MLSSDK/IMA (from `..`)
  - Moya (~> 14.0)
  - Nimble (~> 8.0)
  - Quick (~> 3.0)
  - Starscream (~> 3.1)
  - YouboraAVPlayerAdapter
  - YouboraLib

SPEC REPOS:
  trunk:
    - Alamofire
    - Cuckoo
    - google-cast-sdk
    - GoogleAds-IMA-iOS-SDK
    - GoogleAds-IMA-tvOS-SDK
    - GTMSessionFetcher
    - Moya
    - Nimble
    - Protobuf
    - Quick
    - Starscream
    - YouboraAVPlayerAdapter
    - YouboraLib

EXTERNAL SOURCES:
  MLSSDK:
    :path: ".."

SPEC CHECKSUMS:
  Alamofire: 3b6a534a3df22db367e4dedeeca73d1ddfcf0e2f
  Cuckoo: 4625f7f54d9bb880123270e8969898d6c1d036b5
  google-cast-sdk: f94c5df87564f71d4342400b8487665e9bed27c6
  GoogleAds-IMA-iOS-SDK: b8d3693d370edcbd1440c827897c2b2a0b76673d
  GoogleAds-IMA-tvOS-SDK: 29aeeb24ac8912ca3f52c2a00ce67880586366df
  GTMSessionFetcher: b3503b20a988c4e20cc189aa798fd18220133f52
  MLSSDK: 7d3e02a361b3ed14009f6c5178f389be4b7a623d
  Moya: 5b45dacb75adb009f97fde91c204c1e565d31916
  Nimble: 5f8a2fb6fa343a7242dfdd9d42f7267419d464b2
  Protobuf: 0cde852566359049847168e51bd1c690e0f70056
  Quick: 6d9559f40647bc4d510103842ef2fdd882d753e2
  Starscream: 4bb2f9942274833f7b4d296a55504dcfc7edb7b0
  YouboraAVPlayerAdapter: 21a1b40a09711bbf87b97f344e381a38b3ae5893
  YouboraLib: a4617d5ec9e37724f5330531d020a8c35d7e0f0d

PODFILE CHECKSUM: 5cda252e7565c86e0b3494b51e8b56a096193376

COCOAPODS: 1.10.1
