// !$*UTF8*$!
{
	archiveVersion = 1;
	classes = {
	};
	objectVersion = 50;
	objects = {

/* Begin PBXBuildFile section */
		6418F6DA246951050013A9EE /* AppDelegate.swift in Sources */ = {isa = PBXBuildFile; fileRef = 6418F6D9246951050013A9EE /* AppDelegate.swift */; };
		6418F6DE246951050013A9EE /* ViewController.swift in Sources */ = {isa = PBXBuildFile; fileRef = 6418F6DD246951050013A9EE /* ViewController.swift */; };
		6418F6E3246951060013A9EE /* Assets.xcassets in Resources */ = {isa = PBXBuildFile; fileRef = 6418F6E2246951060013A9EE /* Assets.xcassets */; };
		6418F6E6246951060013A9EE /* LaunchScreen.storyboard in Resources */ = {isa = PBXBuildFile; fileRef = 6418F6E4246951060013A9EE /* LaunchScreen.storyboard */; };
		6418F6F1246951070013A9EE /* MLSTests.swift in Sources */ = {isa = PBXBuildFile; fileRef = 6418F6F0246951070013A9EE /* MLSTests.swift */; };
		64A54E45246955C700D365FE /* MLSComponent.framework in Frameworks */ = {isa = PBXBuildFile; fileRef = 64A54E44246955C700D365FE /* MLSComponent.framework */; };
		64A54E46246955C700D365FE /* MLSComponent.framework in Embed Frameworks */ = {isa = PBXBuildFile; fileRef = 64A54E44246955C700D365FE /* MLSComponent.framework */; settings = {ATTRIBUTES = (CodeSignOnCopy, RemoveHeadersOnCopy, ); }; };
/* End PBXBuildFile section */

/* Begin PBXContainerItemProxy section */
		6418F6ED246951070013A9EE /* PBXContainerItemProxy */ = {
			isa = PBXContainerItemProxy;
			containerPortal = 6418F6CE246951050013A9EE /* Project object */;
			proxyType = 1;
			remoteGlobalIDString = 6418F6D5246951050013A9EE;
			remoteInfo = MLS;
		};
/* End PBXContainerItemProxy section */

/* Begin PBXCopyFilesBuildPhase section */
		64A54E47246955C700D365FE /* Embed Frameworks */ = {
			isa = PBXCopyFilesBuildPhase;
			buildActionMask = 2147483647;
			dstPath = "";
			dstSubfolderSpec = 10;
			files = (
				64A54E46246955C700D365FE /* MLSComponent.framework in Embed Frameworks */,
			);
			name = "Embed Frameworks";
			runOnlyForDeploymentPostprocessing = 0;
		};
/* End PBXCopyFilesBuildPhase section */

/* Begin PBXFileReference section */
		6418F6D6246951050013A9EE /* MLS.app */ = {isa = PBXFileReference; explicitFileType = wrapper.application; includeInIndex = 0; path = MLS.app; sourceTree = BUILT_PRODUCTS_DIR; };
		6418F6D9246951050013A9EE /* AppDelegate.swift */ = {isa = PBXFileReference; lastKnownFileType = sourcecode.swift; path = AppDelegate.swift; sourceTree = "<group>"; };
		6418F6DD246951050013A9EE /* ViewController.swift */ = {isa = PBXFileReference; lastKnownFileType = sourcecode.swift; path = ViewController.swift; sourceTree = "<group>"; };
		6418F6E2246951060013A9EE /* Assets.xcassets */ = {isa = PBXFileReference; lastKnownFileType = folder.assetcatalog; path = Assets.xcassets; sourceTree = "<group>"; };
		6418F6E5246951060013A9EE /* Base */ = {isa = PBXFileReference; lastKnownFileType = file.storyboard; name = Base; path = Base.lproj/LaunchScreen.storyboard; sourceTree = "<group>"; };
		6418F6E7246951060013A9EE /* Info.plist */ = {isa = PBXFileReference; lastKnownFileType = text.plist.xml; path = Info.plist; sourceTree = "<group>"; };
		6418F6EC246951070013A9EE /* MLSTests.xctest */ = {isa = PBXFileReference; explicitFileType = wrapper.cfbundle; includeInIndex = 0; path = MLSTests.xctest; sourceTree = BUILT_PRODUCTS_DIR; };
		6418F6F0246951070013A9EE /* MLSTests.swift */ = {isa = PBXFileReference; lastKnownFileType = sourcecode.swift; path = MLSTests.swift; sourceTree = "<group>"; };
		6418F6F2246951070013A9EE /* Info.plist */ = {isa = PBXFileReference; lastKnownFileType = text.plist.xml; path = Info.plist; sourceTree = "<group>"; };
		64A54E44246955C700D365FE /* MLSComponent.framework */ = {isa = PBXFileReference; explicitFileType = wrapper.framework; path = MLSComponent.framework; sourceTree = BUILT_PRODUCTS_DIR; };
/* End PBXFileReference section */

/* Begin PBXFrameworksBuildPhase section */
		6418F6D3246951050013A9EE /* Frameworks */ = {
			isa = PBXFrameworksBuildPhase;
			buildActionMask = 2147483647;
			files = (
				64A54E45246955C700D365FE /* MLSComponent.framework in Frameworks */,
			);
			runOnlyForDeploymentPostprocessing = 0;
		};
		6418F6E9246951070013A9EE /* Frameworks */ = {
			isa = PBXFrameworksBuildPhase;
			buildActionMask = 2147483647;
			files = (
			);
			runOnlyForDeploymentPostprocessing = 0;
		};
/* End PBXFrameworksBuildPhase section */

/* Begin PBXGroup section */
		6418F6CD246951050013A9EE = {
			isa = PBXGroup;
			children = (
				6418F6D8246951050013A9EE /* MLS */,
				6418F6EF246951070013A9EE /* MLSTests */,
				6418F6D7246951050013A9EE /* Products */,
				64A54E43246955C700D365FE /* Frameworks */,
			);
			sourceTree = "<group>";
		};
		6418F6D7246951050013A9EE /* Products */ = {
			isa = PBXGroup;
			children = (
				6418F6D6246951050013A9EE /* MLS.app */,
				6418F6EC246951070013A9EE /* MLSTests.xctest */,
			);
			name = Products;
			sourceTree = "<group>";
		};
		6418F6D8246951050013A9EE /* MLS */ = {
			isa = PBXGroup;
			children = (
				6418F6D9246951050013A9EE /* AppDelegate.swift */,
				6418F6DD246951050013A9EE /* ViewController.swift */,
				6418F6E2246951060013A9EE /* Assets.xcassets */,
				6418F6E4246951060013A9EE /* LaunchScreen.storyboard */,
				6418F6E7246951060013A9EE /* Info.plist */,
			);
			path = MLS;
			sourceTree = "<group>";
		};
		6418F6EF246951070013A9EE /* MLSTests */ = {
			isa = PBXGroup;
			children = (
				6418F6F0246951070013A9EE /* MLSTests.swift */,
				6418F6F2246951070013A9EE /* Info.plist */,
			);
			path = MLSTests;
			sourceTree = "<group>";
		};
		64A54E43246955C700D365FE /* Frameworks */ = {
			isa = PBXGroup;
			children = (
				64A54E44246955C700D365FE /* MLSComponent.framework */,
			);
			name = Frameworks;
			sourceTree = "<group>";
		};
/* End PBXGroup section */

/* Begin PBXNativeTarget section */
		6418F6D5246951050013A9EE /* MLS */ = {
			isa = PBXNativeTarget;
			buildConfigurationList = 6418F6F5246951070013A9EE /* Build configuration list for PBXNativeTarget "MLS" */;
			buildPhases = (
				6418F6D2246951050013A9EE /* Sources */,
				6418F6D3246951050013A9EE /* Frameworks */,
				6418F6D4246951050013A9EE /* Resources */,
				64A54E47246955C700D365FE /* Embed Frameworks */,
			);
			buildRules = (
			);
			dependencies = (
			);
			name = MLS;
			productName = MLS;
			productReference = 6418F6D6246951050013A9EE /* MLS.app */;
			productType = "com.apple.product-type.application";
		};
		6418F6EB246951070013A9EE /* MLSTests */ = {
			isa = PBXNativeTarget;
			buildConfigurationList = 6418F6F8246951070013A9EE /* Build configuration list for PBXNativeTarget "MLSTests" */;
			buildPhases = (
				6418F6E8246951070013A9EE /* Sources */,
				6418F6E9246951070013A9EE /* Frameworks */,
				6418F6EA246951070013A9EE /* Resources */,
			);
			buildRules = (
			);
			dependencies = (
				6418F6EE246951070013A9EE /* PBXTargetDependency */,
			);
			name = MLSTests;
			productName = MLSTests;
			productReference = 6418F6EC246951070013A9EE /* MLSTests.xctest */;
			productType = "com.apple.product-type.bundle.unit-test";
		};
/* End PBXNativeTarget section */

/* Begin PBXProject section */
		6418F6CE246951050013A9EE /* Project object */ = {
			isa = PBXProject;
			attributes = {
				LastSwiftUpdateCheck = 1140;
				LastUpgradeCheck = 1140;
				ORGANIZATIONNAME = mycujoo;
				TargetAttributes = {
					6418F6D5246951050013A9EE = {
						CreatedOnToolsVersion = 11.4.1;
					};
					6418F6EB246951070013A9EE = {
						CreatedOnToolsVersion = 11.4.1;
						TestTargetID = 6418F6D5246951050013A9EE;
					};
				};
			};
			buildConfigurationList = 6418F6D1246951050013A9EE /* Build configuration list for PBXProject "MLS" */;
			compatibilityVersion = "Xcode 9.3";
			developmentRegion = en;
			hasScannedForEncodings = 0;
			knownRegions = (
				en,
				Base,
			);
			mainGroup = 6418F6CD246951050013A9EE;
			productRefGroup = 6418F6D7246951050013A9EE /* Products */;
			projectDirPath = "";
			projectRoot = "";
			targets = (
				6418F6D5246951050013A9EE /* MLS */,
				6418F6EB246951070013A9EE /* MLSTests */,
			);
		};
/* End PBXProject section */

/* Begin PBXResourcesBuildPhase section */
		6418F6D4246951050013A9EE /* Resources */ = {
			isa = PBXResourcesBuildPhase;
			buildActionMask = 2147483647;
			files = (
				6418F6E6246951060013A9EE /* LaunchScreen.storyboard in Resources */,
				6418F6E3246951060013A9EE /* Assets.xcassets in Resources */,
			);
			runOnlyForDeploymentPostprocessing = 0;
		};
		6418F6EA246951070013A9EE /* Resources */ = {
			isa = PBXResourcesBuildPhase;
			buildActionMask = 2147483647;
			files = (
			);
			runOnlyForDeploymentPostprocessing = 0;
		};
/* End PBXResourcesBuildPhase section */

/* Begin PBXSourcesBuildPhase section */
		6418F6D2246951050013A9EE /* Sources */ = {
			isa = PBXSourcesBuildPhase;
			buildActionMask = 2147483647;
			files = (
				6418F6DE246951050013A9EE /* ViewController.swift in Sources */,
				6418F6DA246951050013A9EE /* AppDelegate.swift in Sources */,
			);
			runOnlyForDeploymentPostprocessing = 0;
		};
		6418F6E8246951070013A9EE /* Sources */ = {
			isa = PBXSourcesBuildPhase;
			buildActionMask = 2147483647;
			files = (
				6418F6F1246951070013A9EE /* MLSTests.swift in Sources */,
			);
			runOnlyForDeploymentPostprocessing = 0;
		};
/* End PBXSourcesBuildPhase section */

/* Begin PBXTargetDependency section */
		6418F6EE246951070013A9EE /* PBXTargetDependency */ = {
			isa = PBXTargetDependency;
			target = 6418F6D5246951050013A9EE /* MLS */;
			targetProxy = 6418F6ED246951070013A9EE /* PBXContainerItemProxy */;
		};
/* End PBXTargetDependency section */

/* Begin PBXVariantGroup section */
		6418F6E4246951060013A9EE /* LaunchScreen.storyboard */ = {
			isa = PBXVariantGroup;
			children = (
				6418F6E5246951060013A9EE /* Base */,
			);
			name = LaunchScreen.storyboard;
			sourceTree = "<group>";
		};
/* End PBXVariantGroup section */

/* Begin XCBuildConfiguration section */
		6418F6F3246951070013A9EE /* Debug */ = {
			isa = XCBuildConfiguration;
			buildSettings = {
				ALWAYS_SEARCH_USER_PATHS = NO;
				CLANG_ANALYZER_NONNULL = YES;
				CLANG_ANALYZER_NUMBER_OBJECT_CONVERSION = YES_AGGRESSIVE;
				CLANG_CXX_LANGUAGE_STANDARD = "gnu++14";
				CLANG_CXX_LIBRARY = "libc++";
				CLANG_ENABLE_MODULES = YES;
				CLANG_ENABLE_OBJC_ARC = YES;
				CLANG_ENABLE_OBJC_WEAK = YES;
				CLANG_WARN_BLOCK_CAPTURE_AUTORELEASING = YES;
				CLANG_WARN_BOOL_CONVERSION = YES;
				CLANG_WARN_COMMA = YES;
				CLANG_WARN_CONSTANT_CONVERSION = YES;
				CLANG_WARN_DEPRECATED_OBJC_IMPLEMENTATIONS = YES;
				CLANG_WARN_DIRECT_OBJC_ISA_USAGE = YES_ERROR;
				CLANG_WARN_DOCUMENTATION_COMMENTS = YES;
				CLANG_WARN_EMPTY_BODY = YES;
				CLANG_WARN_ENUM_CONVERSION = YES;
				CLANG_WARN_INFINITE_RECURSION = YES;
				CLANG_WARN_INT_CONVERSION = YES;
				CLANG_WARN_NON_LITERAL_NULL_CONVERSION = YES;
				CLANG_WARN_OBJC_IMPLICIT_RETAIN_SELF = YES;
				CLANG_WARN_OBJC_LITERAL_CONVERSION = YES;
				CLANG_WARN_OBJC_ROOT_CLASS = YES_ERROR;
				CLANG_WARN_RANGE_LOOP_ANALYSIS = YES;
				CLANG_WARN_STRICT_PROTOTYPES = YES;
				CLANG_WARN_SUSPICIOUS_MOVE = YES;
				CLANG_WARN_UNGUARDED_AVAILABILITY = YES_AGGRESSIVE;
				CLANG_WARN_UNREACHABLE_CODE = YES;
				CLANG_WARN__DUPLICATE_METHOD_MATCH = YES;
				COPY_PHASE_STRIP = NO;
				DEBUG_INFORMATION_FORMAT = dwarf;
				ENABLE_STRICT_OBJC_MSGSEND = YES;
				ENABLE_TESTABILITY = YES;
				GCC_C_LANGUAGE_STANDARD = gnu11;
				GCC_DYNAMIC_NO_PIC = NO;
				GCC_NO_COMMON_BLOCKS = YES;
				GCC_OPTIMIZATION_LEVEL = 0;
				GCC_PREPROCESSOR_DEFINITIONS = (
					"DEBUG=1",
					"$(inherited)",
				);
				GCC_WARN_64_TO_32_BIT_CONVERSION = YES;
				GCC_WARN_ABOUT_RETURN_TYPE = YES_ERROR;
				GCC_WARN_UNDECLARED_SELECTOR = YES;
				GCC_WARN_UNINITIALIZED_AUTOS = YES_AGGRESSIVE;
				GCC_WARN_UNUSED_FUNCTION = YES;
				GCC_WARN_UNUSED_VARIABLE = YES;
				IPHONEOS_DEPLOYMENT_TARGET = 13.4;
				MTL_ENABLE_DEBUG_INFO = INCLUDE_SOURCE;
				MTL_FAST_MATH = YES;
				ONLY_ACTIVE_ARCH = YES;
				SDKROOT = iphoneos;
				SWIFT_ACTIVE_COMPILATION_CONDITIONS = DEBUG;
				SWIFT_OPTIMIZATION_LEVEL = "-Onone";
			};
			name = Debug;
		};
		6418F6F4246951070013A9EE /* Release */ = {
			isa = XCBuildConfiguration;
			buildSettings = {
				ALWAYS_SEARCH_USER_PATHS = NO;
				CLANG_ANALYZER_NONNULL = YES;
				CLANG_ANALYZER_NUMBER_OBJECT_CONVERSION = YES_AGGRESSIVE;
				CLANG_CXX_LANGUAGE_STANDARD = "gnu++14";
				CLANG_CXX_LIBRARY = "libc++";
				CLANG_ENABLE_MODULES = YES;
				CLANG_ENABLE_OBJC_ARC = YES;
				CLANG_ENABLE_OBJC_WEAK = YES;
				CLANG_WARN_BLOCK_CAPTURE_AUTORELEASING = YES;
				CLANG_WARN_BOOL_CONVERSION = YES;
				CLANG_WARN_COMMA = YES;
				CLANG_WARN_CONSTANT_CONVERSION = YES;
				CLANG_WARN_DEPRECATED_OBJC_IMPLEMENTATIONS = YES;
				CLANG_WARN_DIRECT_OBJC_ISA_USAGE = YES_ERROR;
				CLANG_WARN_DOCUMENTATION_COMMENTS = YES;
				CLANG_WARN_EMPTY_BODY = YES;
				CLANG_WARN_ENUM_CONVERSION = YES;
				CLANG_WARN_INFINITE_RECURSION = YES;
				CLANG_WARN_INT_CONVERSION = YES;
				CLANG_WARN_NON_LITERAL_NULL_CONVERSION = YES;
				CLANG_WARN_OBJC_IMPLICIT_RETAIN_SELF = YES;
				CLANG_WARN_OBJC_LITERAL_CONVERSION = YES;
				CLANG_WARN_OBJC_ROOT_CLASS = YES_ERROR;
				CLANG_WARN_RANGE_LOOP_ANALYSIS = YES;
				CLANG_WARN_STRICT_PROTOTYPES = YES;
				CLANG_WARN_SUSPICIOUS_MOVE = YES;
				CLANG_WARN_UNGUARDED_AVAILABILITY = YES_AGGRESSIVE;
				CLANG_WARN_UNREACHABLE_CODE = YES;
				CLANG_WARN__DUPLICATE_METHOD_MATCH = YES;
				COPY_PHASE_STRIP = NO;
				DEBUG_INFORMATION_FORMAT = "dwarf-with-dsym";
				ENABLE_NS_ASSERTIONS = NO;
				ENABLE_STRICT_OBJC_MSGSEND = YES;
				GCC_C_LANGUAGE_STANDARD = gnu11;
				GCC_NO_COMMON_BLOCKS = YES;
				GCC_WARN_64_TO_32_BIT_CONVERSION = YES;
				GCC_WARN_ABOUT_RETURN_TYPE = YES_ERROR;
				GCC_WARN_UNDECLARED_SELECTOR = YES;
				GCC_WARN_UNINITIALIZED_AUTOS = YES_AGGRESSIVE;
				GCC_WARN_UNUSED_FUNCTION = YES;
				GCC_WARN_UNUSED_VARIABLE = YES;
				IPHONEOS_DEPLOYMENT_TARGET = 13.4;
				MTL_ENABLE_DEBUG_INFO = NO;
				MTL_FAST_MATH = YES;
				SDKROOT = iphoneos;
				SWIFT_COMPILATION_MODE = wholemodule;
				SWIFT_OPTIMIZATION_LEVEL = "-O";
				VALIDATE_PRODUCT = YES;
			};
			name = Release;
		};
		6418F6F6246951070013A9EE /* Debug */ = {
			isa = XCBuildConfiguration;
			buildSettings = {
				ASSETCATALOG_COMPILER_APPICON_NAME = AppIcon;
				CODE_SIGN_STYLE = Automatic;
				DEVELOPMENT_TEAM = 57ZCK5ERE3;
				INFOPLIST_FILE = MLS/Info.plist;
				IPHONEOS_DEPLOYMENT_TARGET = 11.0;
				LD_RUNPATH_SEARCH_PATHS = (
					"$(inherited)",
					"@executable_path/Frameworks",
				);
				PRODUCT_BUNDLE_IDENTIFIER = mycujoo.MLS;
				PRODUCT_NAME = "$(TARGET_NAME)";
				SWIFT_VERSION = 5.0;
				TARGETED_DEVICE_FAMILY = "1,2";
			};
			name = Debug;
		};
		6418F6F7246951070013A9EE /* Release */ = {
			isa = XCBuildConfiguration;
			buildSettings = {
				ASSETCATALOG_COMPILER_APPICON_NAME = AppIcon;
				CODE_SIGN_STYLE = Automatic;
				DEVELOPMENT_TEAM = 57ZCK5ERE3;
				INFOPLIST_FILE = MLS/Info.plist;
				IPHONEOS_DEPLOYMENT_TARGET = 11.0;
				LD_RUNPATH_SEARCH_PATHS = (
					"$(inherited)",
					"@executable_path/Frameworks",
				);
				PRODUCT_BUNDLE_IDENTIFIER = mycujoo.MLS;
				PRODUCT_NAME = "$(TARGET_NAME)";
				SWIFT_VERSION = 5.0;
				TARGETED_DEVICE_FAMILY = "1,2";
			};
			name = Release;
		};
		6418F6F9246951070013A9EE /* Debug */ = {
			isa = XCBuildConfiguration;
			buildSettings = {
				ALWAYS_EMBED_SWIFT_STANDARD_LIBRARIES = YES;
				BUNDLE_LOADER = "$(TEST_HOST)";
				CODE_SIGN_STYLE = Automatic;
				DEVELOPMENT_TEAM = 57ZCK5ERE3;
				INFOPLIST_FILE = MLSTests/Info.plist;
				IPHONEOS_DEPLOYMENT_TARGET = 13.4;
				LD_RUNPATH_SEARCH_PATHS = (
					"$(inherited)",
					"@executable_path/Frameworks",
					"@loader_path/Frameworks",
				);
				PRODUCT_BUNDLE_IDENTIFIER = mycujoo.MLSTests;
				PRODUCT_NAME = "$(TARGET_NAME)";
				SWIFT_VERSION = 5.0;
				TARGETED_DEVICE_FAMILY = "1,2";
				TEST_HOST = "$(BUILT_PRODUCTS_DIR)/MLS.app/MLS";
			};
			name = Debug;
		};
		6418F6FA246951070013A9EE /* Release */ = {
			isa = XCBuildConfiguration;
			buildSettings = {
				ALWAYS_EMBED_SWIFT_STANDARD_LIBRARIES = YES;
				BUNDLE_LOADER = "$(TEST_HOST)";
				CODE_SIGN_STYLE = Automatic;
				DEVELOPMENT_TEAM = 57ZCK5ERE3;
				INFOPLIST_FILE = MLSTests/Info.plist;
				IPHONEOS_DEPLOYMENT_TARGET = 13.4;
				LD_RUNPATH_SEARCH_PATHS = (
					"$(inherited)",
					"@executable_path/Frameworks",
					"@loader_path/Frameworks",
				);
				PRODUCT_BUNDLE_IDENTIFIER = mycujoo.MLSTests;
				PRODUCT_NAME = "$(TARGET_NAME)";
				SWIFT_VERSION = 5.0;
				TARGETED_DEVICE_FAMILY = "1,2";
				TEST_HOST = "$(BUILT_PRODUCTS_DIR)/MLS.app/MLS";
			};
			name = Release;
		};
/* End XCBuildConfiguration section */

/* Begin XCConfigurationList section */
		6418F6D1246951050013A9EE /* Build configuration list for PBXProject "MLS" */ = {
			isa = XCConfigurationList;
			buildConfigurations = (
				6418F6F3246951070013A9EE /* Debug */,
				6418F6F4246951070013A9EE /* Release */,
			);
			defaultConfigurationIsVisible = 0;
			defaultConfigurationName = Release;
		};
		6418F6F5246951070013A9EE /* Build configuration list for PBXNativeTarget "MLS" */ = {
			isa = XCConfigurationList;
			buildConfigurations = (
				6418F6F6246951070013A9EE /* Debug */,
				6418F6F7246951070013A9EE /* Release */,
			);
			defaultConfigurationIsVisible = 0;
			defaultConfigurationName = Release;
		};
		6418F6F8246951070013A9EE /* Build configuration list for PBXNativeTarget "MLSTests" */ = {
			isa = XCConfigurationList;
			buildConfigurations = (
				6418F6F9246951070013A9EE /* Debug */,
				6418F6FA246951070013A9EE /* Release */,
			);
			defaultConfigurationIsVisible = 0;
			defaultConfigurationName = Release;
		};
/* End XCConfigurationList section */
	};
	rootObject = 6418F6CE246951050013A9EE /* Project object */;
}
